<?xml version="1.0" encoding="utf-8"?>
<Project ToolsVersion="4.0" xmlns="http://schemas.microsoft.com/developer/msbuild/2003">
  <ItemGroup>
    <Filter Include="Source Files">
      <UniqueIdentifier>{4FC737F1-C7A5-4376-A066-2A32D752A2FF}</UniqueIdentifier>
      <Extensions>cpp;c;cc;cxx;c++;cppm;ixx;def;odl;idl;hpj;bat;asm;asmx</Extensions>
    </Filter>
    <Filter Include="Header Files">
      <UniqueIdentifier>{93995380-89BD-4b04-88EB-625FBE52EBFB}</UniqueIdentifier>
      <Extensions>h;hh;hpp;hxx;h++;hm;inl;inc;ipp;xsd</Extensions>
    </Filter>
    <Filter Include="Resource Files">
      <UniqueIdentifier>{67DA6AB6-F800-4c08-8B7A-83BB121AAD01}</UniqueIdentifier>
      <Extensions>rc;ico;cur;bmp;dlg;rc2;rct;bin;rgs;gif;jpg;jpeg;jpe;resx;tiff;tif;png;wav;mfcribbon-ms</Extensions>
    </Filter>
  </ItemGroup>
  <ItemGroup>
    <ClCompile Include="main.cpp">
      <Filter>Source Files</Filter>
    </ClCompile>
    <ClCompile Include="Mac\MacWoof.cpp">
      <Filter>Source Files</Filter>
    </ClCompile>
  </ItemGroup>
  <ItemGroup>
    <ClInclude Include="Lib\xor.h">
      <Filter>Header Files</Filter>
    </ClInclude>
    <ClInclude Include="Input\Input.h">
      <Filter>Header Files</Filter>
    </ClInclude>
    <ClInclude Include="Cleaner\Registry.h">
      <Filter>Header Files</Filter>
    </ClInclude>
    <ClInclude Include="Cleaner\Proc.h">
      <Filter>Header Files</Filter>
    </ClInclude>
    <ClInclude Include="Mac\MacWoof.h">
      <Filter>Header Files</Filter>
    </ClInclude>
    <ClInclude Include="VolumeID\Bytes\VolumeID64.h">
      <Filter>Header Files</Filter>
    </ClInclude>
    <ClInclude Include="VolumeID\SpoofVolID.h">
      <Filter>Header Files</Filter>
    </ClInclude>
    <ClInclude Include="Lib\spoofer.h">
      <Filter>Header Files</Filter>
    </ClInclude>
    <ClInclude Include="Spoof\spoof.h">
      <Filter>Header Files</Filter>
    </ClInclude>
    <ClInclude Include="Spoof\util.h">
      <Filter>Header Files</Filter>
    </ClInclude>
    <ClInclude Include="Lib\Lazy.h">
      <Filter>Header Files</Filter>
    </ClInclude>
    <ClInclude Include="AntiDebug\AntiDebug.h">
      <Filter>Header Files</Filter>
    </ClInclude>
    <ClInclude Include="AntiDebug\Misc.h">
      <Filter>Header Files</Filter>
    </ClInclude>
    <ClInclude Include="AntiDebug\AntiVM.h">
      <Filter>Header Files</Filter>
    </ClInclude>
  </ItemGroup>
</Project>