
Microsoft Visual Studio Solution File, Format Version 12.00
# Visual Studio Version 17
VisualStudioVersion = 17.11.35219.272
MinimumVisualStudioVersion = 10.0.40219.1
Project("{8BC9CEB8-8B4A-11D0-8D11-00A0C91BC942}") = "FortNutCleaner", "FortNutCleaner\FortNutCleaner.vcxproj", "{3BBE79F8-3665-4E6A-BC27-BBC9BE1547CC}"
EndProject
Global
	GlobalSection(SolutionConfigurationPlatforms) = preSolution
		Debug|x64 = Debug|x64
		Debug|x86 = Debug|x86
		Release|x64 = Release|x64
		Release|x86 = Release|x86
	EndGlobalSection
	GlobalSection(ProjectConfigurationPlatforms) = postSolution
		{3BBE79F8-3665-4E6A-BC27-BBC9BE1547CC}.Debug|x64.ActiveCfg = Debug|x64
		{3BBE79F8-3665-4E6A-BC27-BBC9BE1547CC}.Debug|x64.Build.0 = Debug|x64
		{3BBE79F8-3665-4E6A-BC27-BBC9BE1547CC}.Debug|x86.ActiveCfg = Debug|Win32
		{3BBE79F8-3665-4E6A-BC27-BBC9BE1547CC}.Debug|x86.Build.0 = Debug|Win32
		{3BBE79F8-3665-4E6A-BC27-BBC9BE1547CC}.Release|x64.ActiveCfg = Release|x64
		{3BBE79F8-3665-4E6A-BC27-BBC9BE1547CC}.Release|x64.Build.0 = Release|x64
		{3BBE79F8-3665-4E6A-BC27-BBC9BE1547CC}.Release|x86.ActiveCfg = Release|Win32
		{3BBE79F8-3665-4E6A-BC27-BBC9BE1547CC}.Release|x86.Build.0 = Release|Win32
	EndGlobalSection
	GlobalSection(SolutionProperties) = preSolution
		HideSolutionNode = FALSE
	EndGlobalSection
	GlobalSection(ExtensibilityGlobals) = postSolution
		SolutionGuid = {5FCB6930-3F8E-4C88-AAC3-ABE6FB4ADFA9}
	EndGlobalSection
EndGlobal
